{
  "version": 4,
  "terraform_version": "1.14.4",
  "serial": 33,
  "lineage": "1d90f777-fa5c-1ee7-4ce2-b57412e43c0f",
  "outputs": {
    "auto_selected_image": {
      "value": {
        "cuda_version": "13.0",
        "detection": "✓ Automatically detected latest Ubuntu CUDA image",
        "image_id": "computeimage-e00qasm0dw25f5rrfm",
        "image_name": "ubuntu24.04-cuda13.0.0.2.301.img",
        "os_version": "24.04"
      },
      "type": [
        "object",
        {
          "cuda_version": "string",
          "detection": "string",
          "image_id": "string",
          "image_name": "string",
          "os_version": "string"
        }
      ]
    },
    "auto_selected_subnet": {
      "value": {
        "cidr": "",
        "detection": "✓ Automatically detected first available subnet",
        "subnet_id": "vpcsubnet-e00cfz4cgrnd4n3szs",
        "subnet_name": "default-subnet-owrbxcvg"
      },
      "type": [
        "object",
        {
          "cidr": "string",
          "detection": "string",
          "subnet_id": "string",
          "subnet_name": "string"
        }
      ]
    },
    "connection_info": {
      "value": "  \n╔════════════════════════════════════════════════════════════════╗\n║                   🚀 GPU INSTANCES READY! 🚀                    ║\n╚════════════════════════════════════════════════════════════════╝\n  \n📦 Image: 24.04\n🔧 CUDA: 13.0\n🌐 Network: default-subnet-owrbxcvg ()\n  \n🔌 CONNECT:\n─────────────────────────────────────────────────────────────────\nNode 1: ssh ubuntu@89.169.98.61/32\nNode 2: ssh ubuntu@89.169.109.0/32\n  \n⚡ VERIFY GPU:\n─────────────────────────────────────────────────────────────────\nnvidia-smi              # Check GPU status\nnvcc --version          # Check CUDA version\n  \n💰 COST: $3.10/hour ($74.40/day)\n🗑️  DESTROY: terraform destroy\n  \n",
      "type": "string"
    },
    "cost_estimate": {
      "value": {
        "note": "Costs vary by GPU type. Stop instances when not in use!",
        "per_instance": "$1.55/hour (L40S) or $2.30/hour (H100)",
        "platform": "gpu-l40s-a",
        "preset": "1gpu-8vcpu-32gb",
        "total_daily": "$74.40/day",
        "total_hourly": "$3.10/hour (both instances, L40S)",
        "total_monthly": "$2,263/month"
      },
      "type": [
        "object",
        {
          "note": "string",
          "per_instance": "string",
          "platform": "string",
          "preset": "string",
          "total_daily": "string",
          "total_hourly": "string",
          "total_monthly": "string"
        }
      ]
    },
    "gpu_node_1": {
      "value": {
        "cuda": "13.0",
        "id": "computeinstance-e00hnxn8wt1zyfjnv7",
        "name": "gpu-node-1",
        "os": "24.04",
        "platform": "gpu-l40s-a",
        "preset": "1gpu-8vcpu-32gb",
        "public_ip": "89.169.98.61/32"
      },
      "type": [
        "object",
        {
          "cuda": "string",
          "id": "string",
          "name": "string",
          "os": "string",
          "platform": "string",
          "preset": "string",
          "public_ip": "string"
        }
      ]
    },
    "gpu_node_1_ssh": {
      "value": "ssh ubuntu@89.169.98.61/32",
      "type": "string"
    },
    "gpu_node_2": {
      "value": {
        "cuda": "13.0",
        "id": "computeinstance-e00ae8rpp1gjgpa0nr",
        "name": "gpu-node-2",
        "os": "24.04",
        "platform": "gpu-l40s-a",
        "preset": "1gpu-8vcpu-32gb",
        "public_ip": "89.169.109.0/32"
      },
      "type": [
        "object",
        {
          "cuda": "string",
          "id": "string",
          "name": "string",
          "os": "string",
          "platform": "string",
          "preset": "string",
          "public_ip": "string"
        }
      ]
    },
    "gpu_node_2_ssh": {
      "value": "ssh ubuntu@89.169.109.0/32",
      "type": "string"
    },
    "quick_commands": {
      "value": "  \n📋 QUICK COMMANDS:\n──────────────────────────────────────────────────────────────\n  \n# Show all outputs again\nterraform output\n  \n# Get just the SSH commands\nterraform output gpu_node_1_ssh\nterraform output gpu_node_2_ssh\n  \n# Show detected image info\nterraform output auto_selected_image\n  \n# Show detected subnet info\nterraform output auto_selected_subnet\n  \n# Destroy everything (stop charges)\nterraform destroy\n  \n# Refresh state (if instances were modified outside Terraform)\nterraform refresh\n  \n",
      "type": "string"
    }
  },
  "resources": [
    {
      "mode": "data",
      "type": "external",
      "name": "available_subnet",
      "provider": "provider[\"registry.terraform.io/hashicorp/external\"]",
      "instances": [
        {
          "schema_version": 0,
          "attributes": {
            "id": "-",
            "program": [
              "bash",
              "./scripts/find-subnet.sh"
            ],
            "query": {
              "project_id": "project-e00ymp8qpr00qcztrqfhd5"
            },
            "result": {
              "cidr": "",
              "subnet_id": "vpcsubnet-e00cfz4cgrnd4n3szs",
              "subnet_name": "default-subnet-owrbxcvg"
            },
            "working_dir": null
          },
          "sensitive_attributes": [],
          "identity_schema_version": 0
        }
      ]
    },
    {
      "mode": "data",
      "type": "external",
      "name": "latest_gpu_image",
      "provider": "provider[\"registry.terraform.io/hashicorp/external\"]",
      "instances": [
        {
          "schema_version": 0,
          "attributes": {
            "id": "-",
            "program": [
              "bash",
              "./scripts/find-latest-image.sh"
            ],
            "query": {
              "region": "eu-north1"
            },
            "result": {
              "cuda_version": "13.0",
              "gpu_drivers": "580.x",
              "image_id": "computeimage-e00qasm0dw25f5rrfm",
              "image_name": "ubuntu24.04-cuda13.0.0.2.301.img",
              "os_version": "24.04"
            },
            "working_dir": null
          },
          "sensitive_attributes": [],
          "identity_schema_version": 0
        }
      ]
    },
    {
      "mode": "managed",
      "type": "nebius_compute_v1_disk",
      "name": "boot_disk_1",
      "provider": "provider[\"terraform-provider.storage.eu-north1.nebius.cloud/nebius/nebius\"]",
      "instances": [
        {
          "schema_version": 0,
          "attributes": {
            "block_size_bytes": null,
            "created_at": "2026-02-12T15:37:41.49272Z",
            "disk_encryption": null,
            "id": "computedisk-e00c6v35mghqjaereb",
            "labels": null,
            "metadata": {},
            "name": "gpu-node-1-boot-disk",
            "parent_id": "project-e00ymp8qpr00qcztrqfhd5",
            "resource_version": 1,
            "size_bytes": null,
            "size_gibibytes": 100,
            "size_kibibytes": null,
            "size_mebibytes": null,
            "source_image_family": null,
            "source_image_id": "computeimage-e00qasm0dw25f5rrfm",
            "status": {
              "block_size_bytes": 4096,
              "lock_state": null,
              "read_only_attachments": null,
              "read_write_attachment": null,
              "reconciling": null,
              "size_bytes": 107374182400,
              "source_image_cpu_architecture": "AMD64",
              "source_image_id": "computeimage-e00qasm0dw25f5rrfm",
              "state": "READY",
              "state_description": null
            },
            "type": "NETWORK_SSD",
            "updated_at": null
          },
          "sensitive_attributes": [],
          "identity_schema_version": 0,
          "dependencies": [
            "data.external.latest_gpu_image"
          ]
        }
      ]
    },
    {
      "mode": "managed",
      "type": "nebius_compute_v1_disk",
      "name": "boot_disk_2",
      "provider": "provider[\"terraform-provider.storage.eu-north1.nebius.cloud/nebius/nebius\"]",
      "instances": [
        {
          "schema_version": 0,
          "attributes": {
            "block_size_bytes": null,
            "created_at": "2026-02-12T15:37:41.506901Z",
            "disk_encryption": null,
            "id": "computedisk-e00k78v8xvqrxj2vac",
            "labels": null,
            "metadata": {},
            "name": "gpu-node-2-boot-disk",
            "parent_id": "project-e00ymp8qpr00qcztrqfhd5",
            "resource_version": 1,
            "size_bytes": null,
            "size_gibibytes": 100,
            "size_kibibytes": null,
            "size_mebibytes": null,
            "source_image_family": null,
            "source_image_id": "computeimage-e00qasm0dw25f5rrfm",
            "status": {
              "block_size_bytes": 4096,
              "lock_state": null,
              "read_only_attachments": null,
              "read_write_attachment": null,
              "reconciling": null,
              "size_bytes": 107374182400,
              "source_image_cpu_architecture": "AMD64",
              "source_image_id": "computeimage-e00qasm0dw25f5rrfm",
              "state": "READY",
              "state_description": null
            },
            "type": "NETWORK_SSD",
            "updated_at": null
          },
          "sensitive_attributes": [],
          "identity_schema_version": 0,
          "dependencies": [
            "data.external.latest_gpu_image"
          ]
        }
      ]
    },
    {
      "mode": "managed",
      "type": "nebius_compute_v1_instance",
      "name": "gpu_node_1",
      "provider": "provider[\"terraform-provider.storage.eu-north1.nebius.cloud/nebius/nebius\"]",
      "instances": [
        {
          "schema_version": 0,
          "attributes": {
            "boot_disk": {
              "attach_mode": "READ_WRITE",
              "device_id": null,
              "existing_disk": {
                "id": "computedisk-e00c6v35mghqjaereb"
              }
            },
            "cloud_init_user_data": "#cloud-config\nusers:\n  - name: ubuntu\n    groups: sudo\n    shell: /bin/bash\n    sudo: ['ALL=(ALL) NOPASSWD:ALL']\n    ssh_authorized_keys:\n      - ssh-ed25519 AAAAC3NzaC1lZDI1NTE5AAAAIA9cdL6Ov+R/SzsPw/gcRHpqvmhN+/GxhWdpZEms7i/N laird@powers.laird.net\n  \nwrite_files:\n  - path: /etc/motd\n    content: |\n      ================================================\n      Nebius GPU Instance - gpu-node-1\n      ================================================\n      OS: 24.04\n      CUDA: 13.0\n      Platform: gpu-l40s-a\n      Preset: 1gpu-8vcpu-32gb\n        \n      Check GPU: nvidia-smi\n      Check CUDA: nvcc --version\n      ================================================\n",
            "created_at": "2026-02-12T15:37:49.634464Z",
            "filesystems": null,
            "gpu_cluster": null,
            "hostname": null,
            "id": "computeinstance-e00hnxn8wt1zyfjnv7",
            "labels": null,
            "metadata": {},
            "name": "gpu-node-1",
            "network_interfaces": [
              {
                "aliases": null,
                "ip_address": {
                  "allocation_id": null
                },
                "name": "eth0",
                "public_ip_address": {
                  "allocation_id": null,
                  "static": null
                },
                "subnet_id": "vpcsubnet-e00cfz4cgrnd4n3szs"
              }
            ],
            "parent_id": "project-e00ymp8qpr00qcztrqfhd5",
            "preemptible": null,
            "recovery_policy": null,
            "reservation_policy": null,
            "resource_version": 1,
            "resources": {
              "platform": "gpu-l40s-a",
              "preset": "1gpu-8vcpu-32gb"
            },
            "secondary_disks": null,
            "service_account_id": null,
            "status": {
              "infiniband_topology_path": null,
              "maintenance_event_id": null,
              "network_interfaces": [
                {
                  "aliases": null,
                  "fqdn": "computeinstance-e00hnxn8wt1zyfjnv7.vpcnetwork-e00vp1791r0bjcrqtz.compute.internal.",
                  "index": null,
                  "ip_address": {
                    "address": "10.0.0.35/32",
                    "allocation_id": "vpcallocation-e00qj950q6z794gb37"
                  },
                  "mac_address": "6A:5A:66:77:27:F1",
                  "name": "eth0",
                  "public_ip_address": {
                    "address": "89.169.98.61/32",
                    "allocation_id": "vpcallocation-e00c61tv1352ga0h5z",
                    "static": null
                  }
                }
              ],
              "reconciling": null,
              "reservation_id": null,
              "state": "RUNNING"
            },
            "stopped": null,
            "updated_at": null
          },
          "sensitive_attributes": [
            [
              {
                "type": "get_attr",
                "value": "cloud_init_user_data"
              }
            ]
          ],
          "identity_schema_version": 0,
          "dependencies": [
            "data.external.available_subnet",
            "data.external.latest_gpu_image",
            "nebius_compute_v1_disk.boot_disk_1"
          ]
        }
      ]
    },
    {
      "mode": "managed",
      "type": "nebius_compute_v1_instance",
      "name": "gpu_node_2",
      "provider": "provider[\"terraform-provider.storage.eu-north1.nebius.cloud/nebius/nebius\"]",
      "instances": [
        {
          "schema_version": 0,
          "attributes": {
            "boot_disk": {
              "attach_mode": "READ_WRITE",
              "device_id": null,
              "existing_disk": {
                "id": "computedisk-e00k78v8xvqrxj2vac"
              }
            },
            "cloud_init_user_data": "#cloud-config\nusers:\n  - name: ubuntu\n    groups: sudo\n    shell: /bin/bash\n    sudo: ['ALL=(ALL) NOPASSWD:ALL']\n    ssh_authorized_keys:\n      - ssh-ed25519 AAAAC3NzaC1lZDI1NTE5AAAAIA9cdL6Ov+R/SzsPw/gcRHpqvmhN+/GxhWdpZEms7i/N laird@powers.laird.net\n  \nwrite_files:\n  - path: /etc/motd\n    content: |\n      ================================================\n      Nebius GPU Instance - gpu-node-2\n      ================================================\n      OS: 24.04\n      CUDA: 13.0\n      Platform: gpu-l40s-a\n      Preset: 1gpu-8vcpu-32gb\n        \n      Check GPU: nvidia-smi\n      Check CUDA: nvcc --version\n      ================================================\n",
            "created_at": "2026-02-12T15:37:49.643057Z",
            "filesystems": null,
            "gpu_cluster": null,
            "hostname": null,
            "id": "computeinstance-e00ae8rpp1gjgpa0nr",
            "labels": null,
            "metadata": {},
            "name": "gpu-node-2",
            "network_interfaces": [
              {
                "aliases": null,
                "ip_address": {
                  "allocation_id": null
                },
                "name": "eth0",
                "public_ip_address": {
                  "allocation_id": null,
                  "static": null
                },
                "subnet_id": "vpcsubnet-e00cfz4cgrnd4n3szs"
              }
            ],
            "parent_id": "project-e00ymp8qpr00qcztrqfhd5",
            "preemptible": null,
            "recovery_policy": null,
            "reservation_policy": null,
            "resource_version": 1,
            "resources": {
              "platform": "gpu-l40s-a",
              "preset": "1gpu-8vcpu-32gb"
            },
            "secondary_disks": null,
            "service_account_id": null,
            "status": {
              "infiniband_topology_path": null,
              "maintenance_event_id": null,
              "network_interfaces": [
                {
                  "aliases": null,
                  "fqdn": "computeinstance-e00ae8rpp1gjgpa0nr.vpcnetwork-e00vp1791r0bjcrqtz.compute.internal.",
                  "index": null,
                  "ip_address": {
                    "address": "10.0.0.50/32",
                    "allocation_id": "vpcallocation-e00y9nqw2t4ysm2jbm"
                  },
                  "mac_address": "6A:1C:92:E9:49:B3",
                  "name": "eth0",
                  "public_ip_address": {
                    "address": "89.169.109.0/32",
                    "allocation_id": "vpcallocation-e00hh6xgkbjk9yh8yx",
                    "static": null
                  }
                }
              ],
              "reconciling": null,
              "reservation_id": null,
              "state": "RUNNING"
            },
            "stopped": null,
            "updated_at": null
          },
          "sensitive_attributes": [
            [
              {
                "type": "get_attr",
                "value": "cloud_init_user_data"
              }
            ]
          ],
          "identity_schema_version": 0,
          "dependencies": [
            "data.external.available_subnet",
            "data.external.latest_gpu_image",
            "nebius_compute_v1_disk.boot_disk_2"
          ]
        }
      ]
    }
  ],
  "check_results": [
    {
      "object_kind": "var",
      "config_addr": "var.environment",
      "status": "pass",
      "objects": [
        {
          "object_addr": "var.environment",
          "status": "pass"
        }
      ]
    },
    {
      "object_kind": "var",
      "config_addr": "var.gpu_preset",
      "status": "pass",
      "objects": [
        {
          "object_addr": "var.gpu_preset",
          "status": "pass"
        }
      ]
    },
    {
      "object_kind": "var",
      "config_addr": "var.boot_disk_size_gb",
      "status": "pass",
      "objects": [
        {
          "object_addr": "var.boot_disk_size_gb",
          "status": "pass"
        }
      ]
    },
    {
      "object_kind": "var",
      "config_addr": "var.ssh_user",
      "status": "pass",
      "objects": [
        {
          "object_addr": "var.ssh_user",
          "status": "pass"
        }
      ]
    },
    {
      "object_kind": "var",
      "config_addr": "var.instance_name_prefix",
      "status": "pass",
      "objects": [
        {
          "object_addr": "var.instance_name_prefix",
          "status": "pass"
        }
      ]
    },
    {
      "object_kind": "var",
      "config_addr": "var.gpu_platform",
      "status": "pass",
      "objects": [
        {
          "object_addr": "var.gpu_platform",
          "status": "pass"
        }
      ]
    },
    {
      "object_kind": "var",
      "config_addr": "var.ssh_public_key",
      "status": "pass",
      "objects": [
        {
          "object_addr": "var.ssh_public_key",
          "status": "pass"
        }
      ]
    },
    {
      "object_kind": "var",
      "config_addr": "var.region",
      "status": "pass",
      "objects": [
        {
          "object_addr": "var.region",
          "status": "pass"
        }
      ]
    }
  ]
}
